
Microsoft Visual Studio Solution File, Format Version 12.00
# Visual Studio Version 16
VisualStudioVersion = 16.0.31624.102
MinimumVisualStudioVersion = 10.0.40219.1
Project("{FAE04EC0-301F-11D3-BF4B-00C04F79EFBC}") = "EmployeeManager.Api", "EmployeeManager.Api\EmployeeManager.Api.csproj", "{84534E95-4DAE-4DD4-8416-40C691351813}"
EndProject
Project("{FAE04EC0-301F-11D3-BF4B-00C04F79EFBC}") = "EmployeeManager.Mvc", "EmployeeManager.Mvc\EmployeeManager.Mvc.csproj", "{14BD56A9-5613-4F52-97A1-D2860709F212}"
EndProject
Global
	GlobalSection(SolutionConfigurationPlatforms) = preSolution
		Debug|Any CPU = Debug|Any CPU
		Release|Any CPU = Release|Any CPU
	EndGlobalSection
	GlobalSection(ProjectConfigurationPlatforms) = postSolution
		{84534E95-4DAE-4DD4-8416-40C691351813}.Debug|Any CPU.ActiveCfg = Debug|Any CPU
		{84534E95-4DAE-4DD4-8416-40C691351813}.Debug|Any CPU.Build.0 = Debug|Any CPU
		{84534E95-4DAE-4DD4-8416-40C691351813}.Release|Any CPU.ActiveCfg = Release|Any CPU
		{84534E95-4DAE-4DD4-8416-40C691351813}.Release|Any CPU.Build.0 = Release|Any CPU
		{14BD56A9-5613-4F52-97A1-D2860709F212}.Debug|Any CPU.ActiveCfg = Debug|Any CPU
		{14BD56A9-5613-4F52-97A1-D2860709F212}.Debug|Any CPU.Build.0 = Debug|Any CPU
		{14BD56A9-5613-4F52-97A1-D2860709F212}.Release|Any CPU.ActiveCfg = Release|Any CPU
		{14BD56A9-5613-4F52-97A1-D2860709F212}.Release|Any CPU.Build.0 = Release|Any CPU
	EndGlobalSection
	GlobalSection(SolutionProperties) = preSolution
		HideSolutionNode = FALSE
	EndGlobalSection
	GlobalSection(ExtensibilityGlobals) = postSolution
		SolutionGuid = {6A4F079F-E9BB-4646-9C0F-BEC1165A4471}
	EndGlobalSection
EndGlobal
